// !$*UTF8*$!
{
	archiveVersion = 1;
	classes = {
	};
	objectVersion = 46;
	objects = {

/* Begin PBXBuildFile section */
		F27F3A501BA793B80075A314 /* main.m in Sources */ = {isa = PBXBuildFile; fileRef = F27F3A4F1BA793B80075A314 /* main.m */; };
		F27F3A531BA793B80075A314 /* AppDelegate.m in Sources */ = {isa = PBXBuildFile; fileRef = F27F3A521BA793B80075A314 /* AppDelegate.m */; };
		F27F3A561BA793B80075A314 /* ViewController.m in Sources */ = {isa = PBXBuildFile; fileRef = F27F3A551BA793B80075A314 /* ViewController.m */; };
		F27F3A591BA793B80075A314 /* Main.storyboard in Resources */ = {isa = PBXBuildFile; fileRef = F27F3A571BA793B80075A314 /* Main.storyboard */; };
		F27F3A5B1BA793B80075A314 /* Images.xcassets in Resources */ = {isa = PBXBuildFile; fileRef = F27F3A5A1BA793B80075A314 /* Images.xcassets */; };
		F27F3A5E1BA793B80075A314 /* LaunchScreen.xib in Resources */ = {isa = PBXBuildFile; fileRef = F27F3A5C1BA793B80075A314 /* LaunchScreen.xib */; };
		F27F3A6A1BA793B80075A314 /* MenuLateralTests.m in Sources */ = {isa = PBXBuildFile; fileRef = F27F3A691BA793B80075A314 /* MenuLateralTests.m */; };
		F28406461BAB855900F78331 /* ECSlidingViewController.m in Sources */ = {isa = PBXBuildFile; fileRef = F28406451BAB855900F78331 /* ECSlidingViewController.m */; };
		F28406491BAB856900F78331 /* InitialSlidingViewController.m in Sources */ = {isa = PBXBuildFile; fileRef = F28406481BAB856900F78331 /* InitialSlidingViewController.m */; };
		F284064C1BAB858D00F78331 /* CoreGraphics.framework in Frameworks */ = {isa = PBXBuildFile; fileRef = F284064B1BAB858D00F78331 /* CoreGraphics.framework */; };
		F284064E1BAB859F00F78331 /* QuartzCore.framework in Frameworks */ = {isa = PBXBuildFile; fileRef = F284064D1BAB859F00F78331 /* QuartzCore.framework */; };
		F28406521BABAE1E00F78331 /* UIImage+ImageWithUIView.m in Sources */ = {isa = PBXBuildFile; fileRef = F28406511BABAE1E00F78331 /* UIImage+ImageWithUIView.m */; };
		F28406551BABAFEF00F78331 /* MenuController.m in Sources */ = {isa = PBXBuildFile; fileRef = F28406541BABAFEF00F78331 /* MenuController.m */; };
		F28406581BABB08A00F78331 /* MenuCell.m in Sources */ = {isa = PBXBuildFile; fileRef = F28406571BABB08A00F78331 /* MenuCell.m */; };
/* End PBXBuildFile section */

/* Begin PBXContainerItemProxy section */
		F27F3A641BA793B80075A314 /* PBXContainerItemProxy */ = {
			isa = PBXContainerItemProxy;
			containerPortal = F27F3A421BA793B80075A314 /* Project object */;
			proxyType = 1;
			remoteGlobalIDString = F27F3A491BA793B80075A314;
			remoteInfo = MenuLateral;
		};
/* End PBXContainerItemProxy section */

/* Begin PBXFileReference section */
		F27F3A4A1BA793B80075A314 /* MenuLateral.app */ = {isa = PBXFileReference; explicitFileType = wrapper.application; includeInIndex = 0; path = MenuLateral.app; sourceTree = BUILT_PRODUCTS_DIR; };
		F27F3A4E1BA793B80075A314 /* Info.plist */ = {isa = PBXFileReference; lastKnownFileType = text.plist.xml; path = Info.plist; sourceTree = "<group>"; };
		F27F3A4F1BA793B80075A314 /* main.m */ = {isa = PBXFileReference; lastKnownFileType = sourcecode.c.objc; path = main.m; sourceTree = "<group>"; };
		F27F3A511BA793B80075A314 /* AppDelegate.h */ = {isa = PBXFileReference; lastKnownFileType = sourcecode.c.h; path = AppDelegate.h; sourceTree = "<group>"; };
		F27F3A521BA793B80075A314 /* AppDelegate.m */ = {isa = PBXFileReference; lastKnownFileType = sourcecode.c.objc; path = AppDelegate.m; sourceTree = "<group>"; };
		F27F3A541BA793B80075A314 /* ViewController.h */ = {isa = PBXFileReference; lastKnownFileType = sourcecode.c.h; path = ViewController.h; sourceTree = "<group>"; };
		F27F3A551BA793B80075A314 /* ViewController.m */ = {isa = PBXFileReference; lastKnownFileType = sourcecode.c.objc; path = ViewController.m; sourceTree = "<group>"; };
		F27F3A581BA793B80075A314 /* Base */ = {isa = PBXFileReference; lastKnownFileType = file.storyboard; name = Base; path = Base.lproj/Main.storyboard; sourceTree = "<group>"; };
		F27F3A5A1BA793B80075A314 /* Images.xcassets */ = {isa = PBXFileReference; lastKnownFileType = folder.assetcatalog; path = Images.xcassets; sourceTree = "<group>"; };
		F27F3A5D1BA793B80075A314 /* Base */ = {isa = PBXFileReference; lastKnownFileType = file.xib; name = Base; path = Base.lproj/LaunchScreen.xib; sourceTree = "<group>"; };
		F27F3A631BA793B80075A314 /* MenuLateralTests.xctest */ = {isa = PBXFileReference; explicitFileType = wrapper.cfbundle; includeInIndex = 0; path = MenuLateralTests.xctest; sourceTree = BUILT_PRODUCTS_DIR; };
		F27F3A681BA793B80075A314 /* Info.plist */ = {isa = PBXFileReference; lastKnownFileType = text.plist.xml; path = Info.plist; sourceTree = "<group>"; };
		F27F3A691BA793B80075A314 /* MenuLateralTests.m */ = {isa = PBXFileReference; lastKnownFileType = sourcecode.c.objc; path = MenuLateralTests.m; sourceTree = "<group>"; };
		F28406441BAB855900F78331 /* ECSlidingViewController.h */ = {isa = PBXFileReference; fileEncoding = 4; lastKnownFileType = sourcecode.c.h; path = ECSlidingViewController.h; sourceTree = "<group>"; };
		F28406451BAB855900F78331 /* ECSlidingViewController.m */ = {isa = PBXFileReference; fileEncoding = 4; lastKnownFileType = sourcecode.c.objc; path = ECSlidingViewController.m; sourceTree = "<group>"; };
		F28406471BAB856900F78331 /* InitialSlidingViewController.h */ = {isa = PBXFileReference; fileEncoding = 4; lastKnownFileType = sourcecode.c.h; path = InitialSlidingViewController.h; sourceTree = "<group>"; };
		F28406481BAB856900F78331 /* InitialSlidingViewController.m */ = {isa = PBXFileReference; fileEncoding = 4; lastKnownFileType = sourcecode.c.objc; path = InitialSlidingViewController.m; sourceTree = "<group>"; };
		F284064B1BAB858D00F78331 /* CoreGraphics.framework */ = {isa = PBXFileReference; lastKnownFileType = wrapper.framework; name = CoreGraphics.framework; path = System/Library/Frameworks/CoreGraphics.framework; sourceTree = SDKROOT; };
		F284064D1BAB859F00F78331 /* QuartzCore.framework */ = {isa = PBXFileReference; lastKnownFileType = wrapper.framework; name = QuartzCore.framework; path = System/Library/Frameworks/QuartzCore.framework; sourceTree = SDKROOT; };
		F28406501BABAE1E00F78331 /* UIImage+ImageWithUIView.h */ = {isa = PBXFileReference; fileEncoding = 4; lastKnownFileType = sourcecode.c.h; path = "UIImage+ImageWithUIView.h"; sourceTree = "<group>"; };
		F28406511BABAE1E00F78331 /* UIImage+ImageWithUIView.m */ = {isa = PBXFileReference; fileEncoding = 4; lastKnownFileType = sourcecode.c.objc; path = "UIImage+ImageWithUIView.m"; sourceTree = "<group>"; };
		F28406531BABAFEF00F78331 /* MenuController.h */ = {isa = PBXFileReference; fileEncoding = 4; lastKnownFileType = sourcecode.c.h; path = MenuController.h; sourceTree = "<group>"; };
		F28406541BABAFEF00F78331 /* MenuController.m */ = {isa = PBXFileReference; fileEncoding = 4; lastKnownFileType = sourcecode.c.objc; path = MenuController.m; sourceTree = "<group>"; };
		F28406561BABB08A00F78331 /* MenuCell.h */ = {isa = PBXFileReference; fileEncoding = 4; lastKnownFileType = sourcecode.c.h; path = MenuCell.h; sourceTree = "<group>"; };
		F28406571BABB08A00F78331 /* MenuCell.m */ = {isa = PBXFileReference; fileEncoding = 4; lastKnownFileType = sourcecode.c.objc; path = MenuCell.m; sourceTree = "<group>"; };
/* End PBXFileReference section */

/* Begin PBXFrameworksBuildPhase section */
		F27F3A471BA793B80075A314 /* Frameworks */ = {
			isa = PBXFrameworksBuildPhase;
			buildActionMask = 2147483647;
			files = (
				F284064E1BAB859F00F78331 /* QuartzCore.framework in Frameworks */,
				F284064C1BAB858D00F78331 /* CoreGraphics.framework in Frameworks */,
			);
			runOnlyForDeploymentPostprocessing = 0;
		};
		F27F3A601BA793B80075A314 /* Frameworks */ = {
			isa = PBXFrameworksBuildPhase;
			buildActionMask = 2147483647;
			files = (
			);
			runOnlyForDeploymentPostprocessing = 0;
		};
/* End PBXFrameworksBuildPhase section */

/* Begin PBXGroup section */
		F27F3A411BA793B80075A314 = {
			isa = PBXGroup;
			children = (
				F27F3A4C1BA793B80075A314 /* MenuLateral */,
				F27F3A661BA793B80075A314 /* MenuLateralTests */,
				F27F3A4B1BA793B80075A314 /* Products */,
			);
			sourceTree = "<group>";
		};
		F27F3A4B1BA793B80075A314 /* Products */ = {
			isa = PBXGroup;
			children = (
				F27F3A4A1BA793B80075A314 /* MenuLateral.app */,
				F27F3A631BA793B80075A314 /* MenuLateralTests.xctest */,
			);
			name = Products;
			sourceTree = "<group>";
		};
		F27F3A4C1BA793B80075A314 /* MenuLateral */ = {
			isa = PBXGroup;
			children = (
				F284064F1BAB85BD00F78331 /* Libreries */,
				F284064A1BAB856C00F78331 /* SlidingMenu */,
				F27F3A511BA793B80075A314 /* AppDelegate.h */,
				F27F3A521BA793B80075A314 /* AppDelegate.m */,
				F27F3A541BA793B80075A314 /* ViewController.h */,
				F27F3A551BA793B80075A314 /* ViewController.m */,
				F27F3A571BA793B80075A314 /* Main.storyboard */,
				F27F3A5A1BA793B80075A314 /* Images.xcassets */,
				F27F3A5C1BA793B80075A314 /* LaunchScreen.xib */,
				F27F3A4D1BA793B80075A314 /* Supporting Files */,
				F28406531BABAFEF00F78331 /* MenuController.h */,
				F28406541BABAFEF00F78331 /* MenuController.m */,
				F28406561BABB08A00F78331 /* MenuCell.h */,
				F28406571BABB08A00F78331 /* MenuCell.m */,
			);
			path = MenuLateral;
			sourceTree = "<group>";
		};
		F27F3A4D1BA793B80075A314 /* Supporting Files */ = {
			isa = PBXGroup;
			children = (
				F27F3A4E1BA793B80075A314 /* Info.plist */,
				F27F3A4F1BA793B80075A314 /* main.m */,
			);
			name = "Supporting Files";
			sourceTree = "<group>";
		};
		F27F3A661BA793B80075A314 /* MenuLateralTests */ = {
			isa = PBXGroup;
			children = (
				F27F3A691BA793B80075A314 /* MenuLateralTests.m */,
				F27F3A671BA793B80075A314 /* Supporting Files */,
			);
			path = MenuLateralTests;
			sourceTree = "<group>";
		};
		F27F3A671BA793B80075A314 /* Supporting Files */ = {
			isa = PBXGroup;
			children = (
				F27F3A681BA793B80075A314 /* Info.plist */,
			);
			name = "Supporting Files";
			sourceTree = "<group>";
		};
		F284064A1BAB856C00F78331 /* SlidingMenu */ = {
			isa = PBXGroup;
			children = (
				F28406501BABAE1E00F78331 /* UIImage+ImageWithUIView.h */,
				F28406511BABAE1E00F78331 /* UIImage+ImageWithUIView.m */,
				F28406471BAB856900F78331 /* InitialSlidingViewController.h */,
				F28406481BAB856900F78331 /* InitialSlidingViewController.m */,
				F28406441BAB855900F78331 /* ECSlidingViewController.h */,
				F28406451BAB855900F78331 /* ECSlidingViewController.m */,
			);
			name = SlidingMenu;
			sourceTree = "<group>";
		};
		F284064F1BAB85BD00F78331 /* Libreries */ = {
			isa = PBXGroup;
			children = (
				F284064D1BAB859F00F78331 /* QuartzCore.framework */,
				F284064B1BAB858D00F78331 /* CoreGraphics.framework */,
			);
			name = Libreries;
			sourceTree = "<group>";
		};
/* End PBXGroup section */

/* Begin PBXNativeTarget section */
		F27F3A491BA793B80075A314 /* MenuLateral */ = {
			isa = PBXNativeTarget;
			buildConfigurationList = F27F3A6D1BA793B80075A314 /* Build configuration list for PBXNativeTarget "MenuLateral" */;
			buildPhases = (
				F27F3A461BA793B80075A314 /* Sources */,
				F27F3A471BA793B80075A314 /* Frameworks */,
				F27F3A481BA793B80075A314 /* Resources */,
			);
			buildRules = (
			);
			dependencies = (
			);
			name = MenuLateral;
			productName = MenuLateral;
			productReference = F27F3A4A1BA793B80075A314 /* MenuLateral.app */;
			productType = "com.apple.product-type.application";
		};
		F27F3A621BA793B80075A314 /* MenuLateralTests */ = {
			isa = PBXNativeTarget;
			buildConfigurationList = F27F3A701BA793B80075A314 /* Build configuration list for PBXNativeTarget "MenuLateralTests" */;
			buildPhases = (
				F27F3A5F1BA793B80075A314 /* Sources */,
				F27F3A601BA793B80075A314 /* Frameworks */,
				F27F3A611BA793B80075A314 /* Resources */,
			);
			buildRules = (
			);
			dependencies = (
				F27F3A651BA793B80075A314 /* PBXTargetDependency */,
			);
			name = MenuLateralTests;
			productName = MenuLateralTests;
			productReference = F27F3A631BA793B80075A314 /* MenuLateralTests.xctest */;
			productType = "com.apple.product-type.bundle.unit-test";
		};
/* End PBXNativeTarget section */

/* Begin PBXProject section */
		F27F3A421BA793B80075A314 /* Project object */ = {
			isa = PBXProject;
			attributes = {
				LastUpgradeCheck = 0640;
				ORGANIZATIONNAME = GalileoGuzman;
				TargetAttributes = {
					F27F3A491BA793B80075A314 = {
						CreatedOnToolsVersion = 6.4;
					};
					F27F3A621BA793B80075A314 = {
						CreatedOnToolsVersion = 6.4;
						TestTargetID = F27F3A491BA793B80075A314;
					};
				};
			};
			buildConfigurationList = F27F3A451BA793B80075A314 /* Build configuration list for PBXProject "MenuLateral" */;
			compatibilityVersion = "Xcode 3.2";
			developmentRegion = English;
			hasScannedForEncodings = 0;
			knownRegions = (
				en,
				Base,
			);
			mainGroup = F27F3A411BA793B80075A314;
			productRefGroup = F27F3A4B1BA793B80075A314 /* Products */;
			projectDirPath = "";
			projectRoot = "";
			targets = (
				F27F3A491BA793B80075A314 /* MenuLateral */,
				F27F3A621BA793B80075A314 /* MenuLateralTests */,
			);
		};
/* End PBXProject section */

/* Begin PBXResourcesBuildPhase section */
		F27F3A481BA793B80075A314 /* Resources */ = {
			isa = PBXResourcesBuildPhase;
			buildActionMask = 2147483647;
			files = (
				F27F3A591BA793B80075A314 /* Main.storyboard in Resources */,
				F27F3A5E1BA793B80075A314 /* LaunchScreen.xib in Resources */,
				F27F3A5B1BA793B80075A314 /* Images.xcassets in Resources */,
			);
			runOnlyForDeploymentPostprocessing = 0;
		};
		F27F3A611BA793B80075A314 /* Resources */ = {
			isa = PBXResourcesBuildPhase;
			buildActionMask = 2147483647;
			files = (
			);
			runOnlyForDeploymentPostprocessing = 0;
		};
/* End PBXResourcesBuildPhase section */

/* Begin PBXSourcesBuildPhase section */
		F27F3A461BA793B80075A314 /* Sources */ = {
			isa = PBXSourcesBuildPhase;
			buildActionMask = 2147483647;
			files = (
				F28406551BABAFEF00F78331 /* MenuController.m in Sources */,
				F28406521BABAE1E00F78331 /* UIImage+ImageWithUIView.m in Sources */,
				F28406581BABB08A00F78331 /* MenuCell.m in Sources */,
				F27F3A561BA793B80075A314 /* ViewController.m in Sources */,
				F28406461BAB855900F78331 /* ECSlidingViewController.m in Sources */,
				F28406491BAB856900F78331 /* InitialSlidingViewController.m in Sources */,
				F27F3A531BA793B80075A314 /* AppDelegate.m in Sources */,
				F27F3A501BA793B80075A314 /* main.m in Sources */,
			);
			runOnlyForDeploymentPostprocessing = 0;
		};
		F27F3A5F1BA793B80075A314 /* Sources */ = {
			isa = PBXSourcesBuildPhase;
			buildActionMask = 2147483647;
			files = (
				F27F3A6A1BA793B80075A314 /* MenuLateralTests.m in Sources */,
			);
			runOnlyForDeploymentPostprocessing = 0;
		};
/* End PBXSourcesBuildPhase section */

/* Begin PBXTargetDependency section */
		F27F3A651BA793B80075A314 /* PBXTargetDependency */ = {
			isa = PBXTargetDependency;
			target = F27F3A491BA793B80075A314 /* MenuLateral */;
			targetProxy = F27F3A641BA793B80075A314 /* PBXContainerItemProxy */;
		};
/* End PBXTargetDependency section */

/* Begin PBXVariantGroup section */
		F27F3A571BA793B80075A314 /* Main.storyboard */ = {
			isa = PBXVariantGroup;
			children = (
				F27F3A581BA793B80075A314 /* Base */,
			);
			name = Main.storyboard;
			sourceTree = "<group>";
		};
		F27F3A5C1BA793B80075A314 /* LaunchScreen.xib */ = {
			isa = PBXVariantGroup;
			children = (
				F27F3A5D1BA793B80075A314 /* Base */,
			);
			name = LaunchScreen.xib;
			sourceTree = "<group>";
		};
/* End PBXVariantGroup section */

/* Begin XCBuildConfiguration section */
		F27F3A6B1BA793B80075A314 /* Debug */ = {
			isa = XCBuildConfiguration;
			buildSettings = {
				ALWAYS_SEARCH_USER_PATHS = NO;
				CLANG_CXX_LANGUAGE_STANDARD = "gnu++0x";
				CLANG_CXX_LIBRARY = "libc++";
				CLANG_ENABLE_MODULES = YES;
				CLANG_ENABLE_OBJC_ARC = YES;
				CLANG_WARN_BOOL_CONVERSION = YES;
				CLANG_WARN_CONSTANT_CONVERSION = YES;
				CLANG_WARN_DIRECT_OBJC_ISA_USAGE = YES_ERROR;
				CLANG_WARN_EMPTY_BODY = YES;
				CLANG_WARN_ENUM_CONVERSION = YES;
				CLANG_WARN_INT_CONVERSION = YES;
				CLANG_WARN_OBJC_ROOT_CLASS = YES_ERROR;
				CLANG_WARN_UNREACHABLE_CODE = YES;
				CLANG_WARN__DUPLICATE_METHOD_MATCH = YES;
				"CODE_SIGN_IDENTITY[sdk=iphoneos*]" = "iPhone Developer";
				COPY_PHASE_STRIP = NO;
				DEBUG_INFORMATION_FORMAT = "dwarf-with-dsym";
				ENABLE_STRICT_OBJC_MSGSEND = YES;
				GCC_C_LANGUAGE_STANDARD = gnu99;
				GCC_DYNAMIC_NO_PIC = NO;
				GCC_NO_COMMON_BLOCKS = YES;
				GCC_OPTIMIZATION_LEVEL = 0;
				GCC_PREPROCESSOR_DEFINITIONS = (
					"DEBUG=1",
					"$(inherited)",
				);
				GCC_SYMBOLS_PRIVATE_EXTERN = NO;
				GCC_WARN_64_TO_32_BIT_CONVERSION = YES;
				GCC_WARN_ABOUT_RETURN_TYPE = YES_ERROR;
				GCC_WARN_UNDECLARED_SELECTOR = YES;
				GCC_WARN_UNINITIALIZED_AUTOS = YES_AGGRESSIVE;
				GCC_WARN_UNUSED_FUNCTION = YES;
				GCC_WARN_UNUSED_VARIABLE = YES;
				IPHONEOS_DEPLOYMENT_TARGET = 8.4;
				MTL_ENABLE_DEBUG_INFO = YES;
				ONLY_ACTIVE_ARCH = YES;
				SDKROOT = iphoneos;
			};
			name = Debug;
		};
		F27F3A6C1BA793B80075A314 /* Release */ = {
			isa = XCBuildConfiguration;
			buildSettings = {
				ALWAYS_SEARCH_USER_PATHS = NO;
				CLANG_CXX_LANGUAGE_STANDARD = "gnu++0x";
				CLANG_CXX_LIBRARY = "libc++";
				CLANG_ENABLE_MODULES = YES;
				CLANG_ENABLE_OBJC_ARC = YES;
				CLANG_WARN_BOOL_CONVERSION = YES;
				CLANG_WARN_CONSTANT_CONVERSION = YES;
				CLANG_WARN_DIRECT_OBJC_ISA_USAGE = YES_ERROR;
				CLANG_WARN_EMPTY_BODY = YES;
				CLANG_WARN_ENUM_CONVERSION = YES;
				CLANG_WARN_INT_CONVERSION = YES;
				CLANG_WARN_OBJC_ROOT_CLASS = YES_ERROR;
				CLANG_WARN_UNREACHABLE_CODE = YES;
				CLANG_WARN__DUPLICATE_METHOD_MATCH = YES;
				"CODE_SIGN_IDENTITY[sdk=iphoneos*]" = "iPhone Developer";
				COPY_PHASE_STRIP = NO;
				DEBUG_INFORMATION_FORMAT = "dwarf-with-dsym";
				ENABLE_NS_ASSERTIONS = NO;
				ENABLE_STRICT_OBJC_MSGSEND = YES;
				GCC_C_LANGUAGE_STANDARD = gnu99;
				GCC_NO_COMMON_BLOCKS = YES;
				GCC_WARN_64_TO_32_BIT_CONVERSION = YES;
				GCC_WARN_ABOUT_RETURN_TYPE = YES_ERROR;
				GCC_WARN_UNDECLARED_SELECTOR = YES;
				GCC_WARN_UNINITIALIZED_AUTOS = YES_AGGRESSIVE;
				GCC_WARN_UNUSED_FUNCTION = YES;
				GCC_WARN_UNUSED_VARIABLE = YES;
				IPHONEOS_DEPLOYMENT_TARGET = 8.4;
				MTL_ENABLE_DEBUG_INFO = NO;
				SDKROOT = iphoneos;
				VALIDATE_PRODUCT = YES;
			};
			name = Release;
		};
		F27F3A6E1BA793B80075A314 /* Debug */ = {
			isa = XCBuildConfiguration;
			buildSettings = {
				ASSETCATALOG_COMPILER_APPICON_NAME = AppIcon;
				INFOPLIST_FILE = MenuLateral/Info.plist;
				LD_RUNPATH_SEARCH_PATHS = "$(inherited) @executable_path/Frameworks";
				PRODUCT_NAME = "$(TARGET_NAME)";
			};
			name = Debug;
		};
		F27F3A6F1BA793B80075A314 /* Release */ = {
			isa = XCBuildConfiguration;
			buildSettings = {
				ASSETCATALOG_COMPILER_APPICON_NAME = AppIcon;
				INFOPLIST_FILE = MenuLateral/Info.plist;
				LD_RUNPATH_SEARCH_PATHS = "$(inherited) @executable_path/Frameworks";
				PRODUCT_NAME = "$(TARGET_NAME)";
			};
			name = Release;
		};
		F27F3A711BA793B80075A314 /* Debug */ = {
			isa = XCBuildConfiguration;
			buildSettings = {
				BUNDLE_LOADER = "$(TEST_HOST)";
				FRAMEWORK_SEARCH_PATHS = (
					"$(SDKROOT)/Developer/Library/Frameworks",
					"$(inherited)",
				);
				GCC_PREPROCESSOR_DEFINITIONS = (
					"DEBUG=1",
					"$(inherited)",
				);
				INFOPLIST_FILE = MenuLateralTests/Info.plist;
				LD_RUNPATH_SEARCH_PATHS = "$(inherited) @executable_path/Frameworks @loader_path/Frameworks";
				PRODUCT_NAME = "$(TARGET_NAME)";
				TEST_HOST = "$(BUILT_PRODUCTS_DIR)/MenuLateral.app/MenuLateral";
			};
			name = Debug;
		};
		F27F3A721BA793B80075A314 /* Release */ = {
			isa = XCBuildConfiguration;
			buildSettings = {
				BUNDLE_LOADER = "$(TEST_HOST)";
				FRAMEWORK_SEARCH_PATHS = (
					"$(SDKROOT)/Developer/Library/Frameworks",
					"$(inherited)",
				);
				INFOPLIST_FILE = MenuLateralTests/Info.plist;
				LD_RUNPATH_SEARCH_PATHS = "$(inherited) @executable_path/Frameworks @loader_path/Frameworks";
				PRODUCT_NAME = "$(TARGET_NAME)";
				TEST_HOST = "$(BUILT_PRODUCTS_DIR)/MenuLateral.app/MenuLateral";
			};
			name = Release;
		};
/* End XCBuildConfiguration section */

/* Begin XCConfigurationList section */
		F27F3A451BA793B80075A314 /* Build configuration list for PBXProject "MenuLateral" */ = {
			isa = XCConfigurationList;
			buildConfigurations = (
				F27F3A6B1BA793B80075A314 /* Debug */,
				F27F3A6C1BA793B80075A314 /* Release */,
			);
			defaultConfigurationIsVisible = 0;
			defaultConfigurationName = Release;
		};
		F27F3A6D1BA793B80075A314 /* Build configuration list for PBXNativeTarget "MenuLateral" */ = {
			isa = XCConfigurationList;
			buildConfigurations = (
				F27F3A6E1BA793B80075A314 /* Debug */,
				F27F3A6F1BA793B80075A314 /* Release */,
			);
			defaultConfigurationIsVisible = 0;
			defaultConfigurationName = Release;
		};
		F27F3A701BA793B80075A314 /* Build configuration list for PBXNativeTarget "MenuLateralTests" */ = {
			isa = XCConfigurationList;
			buildConfigurations = (
				F27F3A711BA793B80075A314 /* Debug */,
				F27F3A721BA793B80075A314 /* Release */,
			);
			defaultConfigurationIsVisible = 0;
			defaultConfigurationName = Release;
		};
/* End XCConfigurationList section */
	};
	rootObject = F27F3A421BA793B80075A314 /* Project object */;
}
